// !$*UTF8*$!
{
	archiveVersion = 1;
	classes = {
	};
	objectVersion = 46;
	objects = {

/* Begin PBXBuildFile section */
		234D95A41AA0312A00A758A1 /* Graph.cpp in Sources */ = {isa = PBXBuildFile; fileRef = 234D95A21AA0312A00A758A1 /* Graph.cpp */; };
		234D95A71AA105A700A758A1 /* GraphLine.cpp in Sources */ = {isa = PBXBuildFile; fileRef = 234D95A51AA105A700A758A1 /* GraphLine.cpp */; };
		234D95B11AA105CB00A758A1 /* ofxXmlSettings.cpp in Sources */ = {isa = PBXBuildFile; fileRef = 234D95AA1AA105CB00A758A1 /* ofxXmlSettings.cpp */; };
		234D95B21AA105CB00A758A1 /* tinyxml.cpp in Sources */ = {isa = PBXBuildFile; fileRef = 234D95AD1AA105CB00A758A1 /* tinyxml.cpp */; };
		234D95B31AA105CB00A758A1 /* tinyxmlerror.cpp in Sources */ = {isa = PBXBuildFile; fileRef = 234D95AF1AA105CB00A758A1 /* tinyxmlerror.cpp */; };
		234D95B41AA105CB00A758A1 /* tinyxmlparser.cpp in Sources */ = {isa = PBXBuildFile; fileRef = 234D95B01AA105CB00A758A1 /* tinyxmlparser.cpp */; };
		2372BD141A9D44BC00D83887 /* DataReader.cpp in Sources */ = {isa = PBXBuildFile; fileRef = 2372BD101A9D44BC00D83887 /* DataReader.cpp */; };
		2372BD151A9D44BC00D83887 /* SensorReading.cpp in Sources */ = {isa = PBXBuildFile; fileRef = 2372BD121A9D44BC00D83887 /* SensorReading.cpp */; };
		2372BD181A9D71C400D83887 /* uiManager.cpp in Sources */ = {isa = PBXBuildFile; fileRef = 2372BD161A9D71C400D83887 /* uiManager.cpp */; };
		2372BD1A1A9D791600D83887 /* main.cpp in Sources */ = {isa = PBXBuildFile; fileRef = 2372BD191A9D791600D83887 /* main.cpp */; };
		2372BD541A9E5EEC00D83887 /* ofxFTGLFont.cpp in Sources */ = {isa = PBXBuildFile; fileRef = 2372BD281A9E5EEC00D83887 /* ofxFTGLFont.cpp */; };
		2372BD551A9E5EEC00D83887 /* ofxFTGLSimpleLayout.cpp in Sources */ = {isa = PBXBuildFile; fileRef = 2372BD2A1A9E5EEC00D83887 /* ofxFTGLSimpleLayout.cpp */; };
		2372BD561A9E5EEC00D83887 /* libftgl.a in Frameworks */ = {isa = PBXBuildFile; fileRef = 2372BD4D1A9E5EEC00D83887 /* libftgl.a */; };
		BBAB23CB13894F3D00AA2426 /* GLUT.framework in CopyFiles */ = {isa = PBXBuildFile; fileRef = BBAB23BE13894E4700AA2426 /* GLUT.framework */; };
		E4328149138ABC9F0047C5CB /* openFrameworksDebug.a in Frameworks */ = {isa = PBXBuildFile; fileRef = E4328148138ABC890047C5CB /* openFrameworksDebug.a */; };
		E45BE97B0E8CC7DD009D7055 /* AGL.framework in Frameworks */ = {isa = PBXBuildFile; fileRef = E45BE9710E8CC7DD009D7055 /* AGL.framework */; };
		E45BE97C0E8CC7DD009D7055 /* ApplicationServices.framework in Frameworks */ = {isa = PBXBuildFile; fileRef = E45BE9720E8CC7DD009D7055 /* ApplicationServices.framework */; };
		E45BE97D0E8CC7DD009D7055 /* AudioToolbox.framework in Frameworks */ = {isa = PBXBuildFile; fileRef = E45BE9730E8CC7DD009D7055 /* AudioToolbox.framework */; };
		E45BE97F0E8CC7DD009D7055 /* CoreAudio.framework in Frameworks */ = {isa = PBXBuildFile; fileRef = E45BE9750E8CC7DD009D7055 /* CoreAudio.framework */; };
		E45BE9800E8CC7DD009D7055 /* CoreFoundation.framework in Frameworks */ = {isa = PBXBuildFile; fileRef = E45BE9760E8CC7DD009D7055 /* CoreFoundation.framework */; };
		E45BE9810E8CC7DD009D7055 /* CoreServices.framework in Frameworks */ = {isa = PBXBuildFile; fileRef = E45BE9770E8CC7DD009D7055 /* CoreServices.framework */; };
		E45BE9830E8CC7DD009D7055 /* OpenGL.framework in Frameworks */ = {isa = PBXBuildFile; fileRef = E45BE9790E8CC7DD009D7055 /* OpenGL.framework */; };
		E45BE9840E8CC7DD009D7055 /* QuickTime.framework in Frameworks */ = {isa = PBXBuildFile; fileRef = E45BE97A0E8CC7DD009D7055 /* QuickTime.framework */; };
		E4B69E210A3A1BDC003C02F2 /* ofApp.cpp in Sources */ = {isa = PBXBuildFile; fileRef = E4B69E1E0A3A1BDC003C02F2 /* ofApp.cpp */; };
		E4C2424710CC5A17004149E2 /* AppKit.framework in Frameworks */ = {isa = PBXBuildFile; fileRef = E4C2424410CC5A17004149E2 /* AppKit.framework */; };
		E4C2424810CC5A17004149E2 /* Cocoa.framework in Frameworks */ = {isa = PBXBuildFile; fileRef = E4C2424510CC5A17004149E2 /* Cocoa.framework */; };
		E4C2424910CC5A17004149E2 /* IOKit.framework in Frameworks */ = {isa = PBXBuildFile; fileRef = E4C2424610CC5A17004149E2 /* IOKit.framework */; };
		E4EB6799138ADC1D00A09F29 /* GLUT.framework in Frameworks */ = {isa = PBXBuildFile; fileRef = BBAB23BE13894E4700AA2426 /* GLUT.framework */; };
		E7E077E515D3B63C0020DFD4 /* CoreVideo.framework in Frameworks */ = {isa = PBXBuildFile; fileRef = E7E077E415D3B63C0020DFD4 /* CoreVideo.framework */; };
		E7E077E815D3B6510020DFD4 /* QTKit.framework in Frameworks */ = {isa = PBXBuildFile; fileRef = E7E077E715D3B6510020DFD4 /* QTKit.framework */; };
		E7F985F815E0DEA3003869B5 /* Accelerate.framework in Frameworks */ = {isa = PBXBuildFile; fileRef = E7F985F515E0DE99003869B5 /* Accelerate.framework */; };
/* End PBXBuildFile section */

/* Begin PBXContainerItemProxy section */
		E4328147138ABC890047C5CB /* PBXContainerItemProxy */ = {
			isa = PBXContainerItemProxy;
			containerPortal = E4328143138ABC890047C5CB /* openFrameworksLib.xcodeproj */;
			proxyType = 2;
			remoteGlobalIDString = E4B27C1510CBEB8E00536013;
			remoteInfo = openFrameworks;
		};
		E4EEB9AB138B136A00A80321 /* PBXContainerItemProxy */ = {
			isa = PBXContainerItemProxy;
			containerPortal = E4328143138ABC890047C5CB /* openFrameworksLib.xcodeproj */;
			proxyType = 1;
			remoteGlobalIDString = E4B27C1410CBEB8E00536013;
			remoteInfo = openFrameworks;
		};
/* End PBXContainerItemProxy section */

/* Begin PBXCopyFilesBuildPhase section */
		E4C2427710CC5ABF004149E2 /* CopyFiles */ = {
			isa = PBXCopyFilesBuildPhase;
			buildActionMask = 2147483647;
			dstPath = "";
			dstSubfolderSpec = 10;
			files = (
				BBAB23CB13894F3D00AA2426 /* GLUT.framework in CopyFiles */,
			);
			runOnlyForDeploymentPostprocessing = 0;
		};
/* End PBXCopyFilesBuildPhase section */

/* Begin PBXFileReference section */
		234D95A21AA0312A00A758A1 /* Graph.cpp */ = {isa = PBXFileReference; fileEncoding = 4; lastKnownFileType = sourcecode.cpp.cpp; name = Graph.cpp; path = ../../src/Graph.cpp; sourceTree = "<group>"; };
		234D95A31AA0312A00A758A1 /* Graph.h */ = {isa = PBXFileReference; fileEncoding = 4; lastKnownFileType = sourcecode.c.h; name = Graph.h; path = ../../src/Graph.h; sourceTree = "<group>"; };
		234D95A51AA105A700A758A1 /* GraphLine.cpp */ = {isa = PBXFileReference; fileEncoding = 4; lastKnownFileType = sourcecode.cpp.cpp; name = GraphLine.cpp; path = ../../src/GraphLine.cpp; sourceTree = "<group>"; };
		234D95A61AA105A700A758A1 /* GraphLine.h */ = {isa = PBXFileReference; fileEncoding = 4; lastKnownFileType = sourcecode.c.h; name = GraphLine.h; path = ../../src/GraphLine.h; sourceTree = "<group>"; };
		234D95AA1AA105CB00A758A1 /* ofxXmlSettings.cpp */ = {isa = PBXFileReference; lastKnownFileType = sourcecode.cpp.cpp; path = ofxXmlSettings.cpp; sourceTree = "<group>"; };
		234D95AB1AA105CB00A758A1 /* ofxXmlSettings.h */ = {isa = PBXFileReference; lastKnownFileType = sourcecode.c.h; path = ofxXmlSettings.h; sourceTree = "<group>"; };
		234D95AD1AA105CB00A758A1 /* tinyxml.cpp */ = {isa = PBXFileReference; lastKnownFileType = sourcecode.cpp.cpp; path = tinyxml.cpp; sourceTree = "<group>"; };
		234D95AE1AA105CB00A758A1 /* tinyxml.h */ = {isa = PBXFileReference; lastKnownFileType = sourcecode.c.h; path = tinyxml.h; sourceTree = "<group>"; };
		234D95AF1AA105CB00A758A1 /* tinyxmlerror.cpp */ = {isa = PBXFileReference; lastKnownFileType = sourcecode.cpp.cpp; path = tinyxmlerror.cpp; sourceTree = "<group>"; };
		234D95B01AA105CB00A758A1 /* tinyxmlparser.cpp */ = {isa = PBXFileReference; lastKnownFileType = sourcecode.cpp.cpp; path = tinyxmlparser.cpp; sourceTree = "<group>"; };
		2372BD101A9D44BC00D83887 /* DataReader.cpp */ = {isa = PBXFileReference; fileEncoding = 4; lastKnownFileType = sourcecode.cpp.cpp; name = DataReader.cpp; path = ../../src/DataReader.cpp; sourceTree = "<group>"; };
		2372BD111A9D44BC00D83887 /* DataReader.h */ = {isa = PBXFileReference; fileEncoding = 4; lastKnownFileType = sourcecode.c.h; name = DataReader.h; path = ../../src/DataReader.h; sourceTree = "<group>"; };
		2372BD121A9D44BC00D83887 /* SensorReading.cpp */ = {isa = PBXFileReference; fileEncoding = 4; lastKnownFileType = sourcecode.cpp.cpp; name = SensorReading.cpp; path = ../../src/SensorReading.cpp; sourceTree = "<group>"; };
		2372BD131A9D44BC00D83887 /* SensorReading.h */ = {isa = PBXFileReference; fileEncoding = 4; lastKnownFileType = sourcecode.c.h; name = SensorReading.h; path = ../../src/SensorReading.h; sourceTree = "<group>"; };
		2372BD161A9D71C400D83887 /* uiManager.cpp */ = {isa = PBXFileReference; fileEncoding = 4; lastKnownFileType = sourcecode.cpp.cpp; name = uiManager.cpp; path = ../../src/uiManager.cpp; sourceTree = "<group>"; };
		2372BD171A9D71C400D83887 /* uiManager.h */ = {isa = PBXFileReference; fileEncoding = 4; lastKnownFileType = sourcecode.c.h; name = uiManager.h; path = ../../src/uiManager.h; sourceTree = "<group>"; };
		2372BD191A9D791600D83887 /* main.cpp */ = {isa = PBXFileReference; fileEncoding = 4; lastKnownFileType = sourcecode.cpp.cpp; name = main.cpp; path = ../../src/main.cpp; sourceTree = "<group>"; };
		2372BD271A9E5EEC00D83887 /* ofxFTGL.h */ = {isa = PBXFileReference; lastKnownFileType = sourcecode.c.h; path = ofxFTGL.h; sourceTree = "<group>"; };
		2372BD281A9E5EEC00D83887 /* ofxFTGLFont.cpp */ = {isa = PBXFileReference; lastKnownFileType = sourcecode.cpp.cpp; path = ofxFTGLFont.cpp; sourceTree = "<group>"; };
		2372BD291A9E5EEC00D83887 /* ofxFTGLFont.h */ = {isa = PBXFileReference; lastKnownFileType = sourcecode.c.h; path = ofxFTGLFont.h; sourceTree = "<group>"; };
		2372BD2A1A9E5EEC00D83887 /* ofxFTGLSimpleLayout.cpp */ = {isa = PBXFileReference; lastKnownFileType = sourcecode.cpp.cpp; path = ofxFTGLSimpleLayout.cpp; sourceTree = "<group>"; };
		2372BD2B1A9E5EEC00D83887 /* ofxFTGLSimpleLayout.h */ = {isa = PBXFileReference; lastKnownFileType = sourcecode.c.h; path = ofxFTGLSimpleLayout.h; sourceTree = "<group>"; };
		2372BD301A9E5EEC00D83887 /* FTBBox.h */ = {isa = PBXFileReference; lastKnownFileType = sourcecode.c.h; path = FTBBox.h; sourceTree = "<group>"; };
		2372BD311A9E5EEC00D83887 /* FTBitmapGlyph.h */ = {isa = PBXFileReference; lastKnownFileType = sourcecode.c.h; path = FTBitmapGlyph.h; sourceTree = "<group>"; };
		2372BD321A9E5EEC00D83887 /* FTBuffer.h */ = {isa = PBXFileReference; lastKnownFileType = sourcecode.c.h; path = FTBuffer.h; sourceTree = "<group>"; };
		2372BD331A9E5EEC00D83887 /* FTBufferFont.h */ = {isa = PBXFileReference; lastKnownFileType = sourcecode.c.h; path = FTBufferFont.h; sourceTree = "<group>"; };
		2372BD341A9E5EEC00D83887 /* FTBufferGlyph.h */ = {isa = PBXFileReference; lastKnownFileType = sourcecode.c.h; path = FTBufferGlyph.h; sourceTree = "<group>"; };
		2372BD351A9E5EEC00D83887 /* FTExtrdGlyph.h */ = {isa = PBXFileReference; lastKnownFileType = sourcecode.c.h; path = FTExtrdGlyph.h; sourceTree = "<group>"; };
		2372BD361A9E5EEC00D83887 /* FTFont.h */ = {isa = PBXFileReference; lastKnownFileType = sourcecode.c.h; path = FTFont.h; sourceTree = "<group>"; };
		2372BD371A9E5EEC00D83887 /* ftgl.h */ = {isa = PBXFileReference; lastKnownFileType = sourcecode.c.h; path = ftgl.h; sourceTree = "<group>"; };
		2372BD381A9E5EEC00D83887 /* FTGLBitmapFont.h */ = {isa = PBXFileReference; lastKnownFileType = sourcecode.c.h; path = FTGLBitmapFont.h; sourceTree = "<group>"; };
		2372BD391A9E5EEC00D83887 /* FTGLExtrdFont.h */ = {isa = PBXFileReference; lastKnownFileType = sourcecode.c.h; path = FTGLExtrdFont.h; sourceTree = "<group>"; };
		2372BD3A1A9E5EEC00D83887 /* FTGLOutlineFont.h */ = {isa = PBXFileReference; lastKnownFileType = sourcecode.c.h; path = FTGLOutlineFont.h; sourceTree = "<group>"; };
		2372BD3B1A9E5EEC00D83887 /* FTGLPixmapFont.h */ = {isa = PBXFileReference; lastKnownFileType = sourcecode.c.h; path = FTGLPixmapFont.h; sourceTree = "<group>"; };
		2372BD3C1A9E5EEC00D83887 /* FTGLPolygonFont.h */ = {isa = PBXFileReference; lastKnownFileType = sourcecode.c.h; path = FTGLPolygonFont.h; sourceTree = "<group>"; };
		2372BD3D1A9E5EEC00D83887 /* FTGLTextureFont.h */ = {isa = PBXFileReference; lastKnownFileType = sourcecode.c.h; path = FTGLTextureFont.h; sourceTree = "<group>"; };
		2372BD3E1A9E5EEC00D83887 /* FTGlyph.h */ = {isa = PBXFileReference; lastKnownFileType = sourcecode.c.h; path = FTGlyph.h; sourceTree = "<group>"; };
		2372BD3F1A9E5EEC00D83887 /* FTLayout.h */ = {isa = PBXFileReference; lastKnownFileType = sourcecode.c.h; path = FTLayout.h; sourceTree = "<group>"; };
		2372BD401A9E5EEC00D83887 /* FTOutlineGlyph.h */ = {isa = PBXFileReference; lastKnownFileType = sourcecode.c.h; path = FTOutlineGlyph.h; sourceTree = "<group>"; };
		2372BD411A9E5EEC00D83887 /* FTPixmapGlyph.h */ = {isa = PBXFileReference; lastKnownFileType = sourcecode.c.h; path = FTPixmapGlyph.h; sourceTree = "<group>"; };
		2372BD421A9E5EEC00D83887 /* FTPoint.h */ = {isa = PBXFileReference; lastKnownFileType = sourcecode.c.h; path = FTPoint.h; sourceTree = "<group>"; };
		2372BD431A9E5EEC00D83887 /* FTPolyGlyph.h */ = {isa = PBXFileReference; lastKnownFileType = sourcecode.c.h; path = FTPolyGlyph.h; sourceTree = "<group>"; };
		2372BD441A9E5EEC00D83887 /* FTSimpleLayout.h */ = {isa = PBXFileReference; lastKnownFileType = sourcecode.c.h; path = FTSimpleLayout.h; sourceTree = "<group>"; };
		2372BD451A9E5EEC00D83887 /* FTTextureGlyph.h */ = {isa = PBXFileReference; lastKnownFileType = sourcecode.c.h; path = FTTextureGlyph.h; sourceTree = "<group>"; };
		2372BD4C1A9E5EEC00D83887 /* buildFTGL.sh */ = {isa = PBXFileReference; lastKnownFileType = text.script.sh; path = buildFTGL.sh; sourceTree = "<group>"; };
		2372BD4D1A9E5EEC00D83887 /* libftgl.a */ = {isa = PBXFileReference; lastKnownFileType = archive.ar; path = libftgl.a; sourceTree = "<group>"; };
		BBAB23BE13894E4700AA2426 /* GLUT.framework */ = {isa = PBXFileReference; lastKnownFileType = wrapper.framework; name = GLUT.framework; path = ../../../libs/glut/lib/osx/GLUT.framework; sourceTree = "<group>"; };
		E4328143138ABC890047C5CB /* openFrameworksLib.xcodeproj */ = {isa = PBXFileReference; lastKnownFileType = "wrapper.pb-project"; name = openFrameworksLib.xcodeproj; path = ../../../libs/openFrameworksCompiled/project/osx/openFrameworksLib.xcodeproj; sourceTree = SOURCE_ROOT; };
		E45BE9710E8CC7DD009D7055 /* AGL.framework */ = {isa = PBXFileReference; lastKnownFileType = wrapper.framework; name = AGL.framework; path = /System/Library/Frameworks/AGL.framework; sourceTree = "<absolute>"; };
		E45BE9720E8CC7DD009D7055 /* ApplicationServices.framework */ = {isa = PBXFileReference; lastKnownFileType = wrapper.framework; name = ApplicationServices.framework; path = /System/Library/Frameworks/ApplicationServices.framework; sourceTree = "<absolute>"; };
		E45BE9730E8CC7DD009D7055 /* AudioToolbox.framework */ = {isa = PBXFileReference; lastKnownFileType = wrapper.framework; name = AudioToolbox.framework; path = /System/Library/Frameworks/AudioToolbox.framework; sourceTree = "<absolute>"; };
		E45BE9750E8CC7DD009D7055 /* CoreAudio.framework */ = {isa = PBXFileReference; lastKnownFileType = wrapper.framework; name = CoreAudio.framework; path = /System/Library/Frameworks/CoreAudio.framework; sourceTree = "<absolute>"; };
		E45BE9760E8CC7DD009D7055 /* CoreFoundation.framework */ = {isa = PBXFileReference; lastKnownFileType = wrapper.framework; name = CoreFoundation.framework; path = /System/Library/Frameworks/CoreFoundation.framework; sourceTree = "<absolute>"; };
		E45BE9770E8CC7DD009D7055 /* CoreServices.framework */ = {isa = PBXFileReference; lastKnownFileType = wrapper.framework; name = CoreServices.framework; path = /System/Library/Frameworks/CoreServices.framework; sourceTree = "<absolute>"; };
		E45BE9790E8CC7DD009D7055 /* OpenGL.framework */ = {isa = PBXFileReference; lastKnownFileType = wrapper.framework; name = OpenGL.framework; path = /System/Library/Frameworks/OpenGL.framework; sourceTree = "<absolute>"; };
		E45BE97A0E8CC7DD009D7055 /* QuickTime.framework */ = {isa = PBXFileReference; lastKnownFileType = wrapper.framework; name = QuickTime.framework; path = /System/Library/Frameworks/QuickTime.framework; sourceTree = "<absolute>"; };
		E4B69B5B0A3A1756003C02F2 /* GE_smoker-screen2Debug.app */ = {isa = PBXFileReference; explicitFileType = wrapper.application; includeInIndex = 0; path = "GE_smoker-screen2Debug.app"; sourceTree = BUILT_PRODUCTS_DIR; };
		E4B69E1E0A3A1BDC003C02F2 /* ofApp.cpp */ = {isa = PBXFileReference; explicitFileType = sourcecode.cpp.cpp; fileEncoding = 30; name = ofApp.cpp; path = src/ofApp.cpp; sourceTree = SOURCE_ROOT; };
		E4B69E1F0A3A1BDC003C02F2 /* ofApp.h */ = {isa = PBXFileReference; fileEncoding = 30; lastKnownFileType = sourcecode.c.h; name = ofApp.h; path = src/ofApp.h; sourceTree = SOURCE_ROOT; };
		E4B6FCAD0C3E899E008CF71C /* openFrameworks-Info.plist */ = {isa = PBXFileReference; fileEncoding = 30; lastKnownFileType = text.plist.xml; path = "openFrameworks-Info.plist"; sourceTree = "<group>"; };
		E4C2424410CC5A17004149E2 /* AppKit.framework */ = {isa = PBXFileReference; lastKnownFileType = wrapper.framework; name = AppKit.framework; path = /System/Library/Frameworks/AppKit.framework; sourceTree = "<absolute>"; };
		E4C2424510CC5A17004149E2 /* Cocoa.framework */ = {isa = PBXFileReference; lastKnownFileType = wrapper.framework; name = Cocoa.framework; path = /System/Library/Frameworks/Cocoa.framework; sourceTree = "<absolute>"; };
		E4C2424610CC5A17004149E2 /* IOKit.framework */ = {isa = PBXFileReference; lastKnownFileType = wrapper.framework; name = IOKit.framework; path = /System/Library/Frameworks/IOKit.framework; sourceTree = "<absolute>"; };
		E4EB691F138AFCF100A09F29 /* CoreOF.xcconfig */ = {isa = PBXFileReference; fileEncoding = 4; lastKnownFileType = text.xcconfig; name = CoreOF.xcconfig; path = ../../../libs/openFrameworksCompiled/project/osx/CoreOF.xcconfig; sourceTree = SOURCE_ROOT; };
		E4EB6923138AFD0F00A09F29 /* Project.xcconfig */ = {isa = PBXFileReference; fileEncoding = 4; lastKnownFileType = text.xcconfig; path = Project.xcconfig; sourceTree = "<group>"; };
		E7E077E415D3B63C0020DFD4 /* CoreVideo.framework */ = {isa = PBXFileReference; lastKnownFileType = wrapper.framework; name = CoreVideo.framework; path = /System/Library/Frameworks/CoreVideo.framework; sourceTree = "<absolute>"; };
		E7E077E715D3B6510020DFD4 /* QTKit.framework */ = {isa = PBXFileReference; lastKnownFileType = wrapper.framework; name = QTKit.framework; path = /System/Library/Frameworks/QTKit.framework; sourceTree = "<absolute>"; };
		E7F985F515E0DE99003869B5 /* Accelerate.framework */ = {isa = PBXFileReference; lastKnownFileType = wrapper.framework; name = Accelerate.framework; path = /System/Library/Frameworks/Accelerate.framework; sourceTree = "<absolute>"; };
/* End PBXFileReference section */

/* Begin PBXFrameworksBuildPhase section */
		E4B69B590A3A1756003C02F2 /* Frameworks */ = {
			isa = PBXFrameworksBuildPhase;
			buildActionMask = 2147483647;
			files = (
				E7F985F815E0DEA3003869B5 /* Accelerate.framework in Frameworks */,
				E7E077E815D3B6510020DFD4 /* QTKit.framework in Frameworks */,
				2372BD561A9E5EEC00D83887 /* libftgl.a in Frameworks */,
				E4EB6799138ADC1D00A09F29 /* GLUT.framework in Frameworks */,
				E4328149138ABC9F0047C5CB /* openFrameworksDebug.a in Frameworks */,
				E45BE97B0E8CC7DD009D7055 /* AGL.framework in Frameworks */,
				E45BE97C0E8CC7DD009D7055 /* ApplicationServices.framework in Frameworks */,
				E45BE97D0E8CC7DD009D7055 /* AudioToolbox.framework in Frameworks */,
				E45BE97F0E8CC7DD009D7055 /* CoreAudio.framework in Frameworks */,
				E45BE9800E8CC7DD009D7055 /* CoreFoundation.framework in Frameworks */,
				E45BE9810E8CC7DD009D7055 /* CoreServices.framework in Frameworks */,
				E45BE9830E8CC7DD009D7055 /* OpenGL.framework in Frameworks */,
				E45BE9840E8CC7DD009D7055 /* QuickTime.framework in Frameworks */,
				E4C2424710CC5A17004149E2 /* AppKit.framework in Frameworks */,
				E4C2424810CC5A17004149E2 /* Cocoa.framework in Frameworks */,
				E4C2424910CC5A17004149E2 /* IOKit.framework in Frameworks */,
				E7E077E515D3B63C0020DFD4 /* CoreVideo.framework in Frameworks */,
			);
			runOnlyForDeploymentPostprocessing = 0;
		};
/* End PBXFrameworksBuildPhase section */

/* Begin PBXGroup section */
		234D95A81AA105CB00A758A1 /* ofxXmlSettings */ = {
			isa = PBXGroup;
			children = (
				234D95A91AA105CB00A758A1 /* src */,
				234D95AC1AA105CB00A758A1 /* libs */,
			);
			name = ofxXmlSettings;
			sourceTree = "<group>";
		};
		234D95A91AA105CB00A758A1 /* src */ = {
			isa = PBXGroup;
			children = (
				234D95AA1AA105CB00A758A1 /* ofxXmlSettings.cpp */,
				234D95AB1AA105CB00A758A1 /* ofxXmlSettings.h */,
			);
			name = src;
			path = ../../../addons/ofxXmlSettings/src;
			sourceTree = "<group>";
		};
		234D95AC1AA105CB00A758A1 /* libs */ = {
			isa = PBXGroup;
			children = (
				234D95AD1AA105CB00A758A1 /* tinyxml.cpp */,
				234D95AE1AA105CB00A758A1 /* tinyxml.h */,
				234D95AF1AA105CB00A758A1 /* tinyxmlerror.cpp */,
				234D95B01AA105CB00A758A1 /* tinyxmlparser.cpp */,
			);
			name = libs;
			path = ../../../addons/ofxXmlSettings/libs;
			sourceTree = "<group>";
		};
		2351EFED1A9D0CFE00569E24 /* uiComponents */ = {
			isa = PBXGroup;
			children = (
				234D95A21AA0312A00A758A1 /* Graph.cpp */,
				234D95A31AA0312A00A758A1 /* Graph.h */,
				2372BD121A9D44BC00D83887 /* SensorReading.cpp */,
				2372BD131A9D44BC00D83887 /* SensorReading.h */,
				234D95A51AA105A700A758A1 /* GraphLine.cpp */,
				234D95A61AA105A700A758A1 /* GraphLine.h */,
			);
			name = uiComponents;
			sourceTree = "<group>";
		};
		2351EFEF1A9D3B8500569E24 /* layouts */ = {
			isa = PBXGroup;
			children = (
			);
			name = layouts;
			sourceTree = "<group>";
		};
		2372BD251A9E5EEC00D83887 /* ofxFTGL */ = {
			isa = PBXGroup;
			children = (
				2372BD261A9E5EEC00D83887 /* src */,
				2372BD2C1A9E5EEC00D83887 /* libs */,
			);
			name = ofxFTGL;
			sourceTree = "<group>";
		};
		2372BD261A9E5EEC00D83887 /* src */ = {
			isa = PBXGroup;
			children = (
				2372BD271A9E5EEC00D83887 /* ofxFTGL.h */,
				2372BD281A9E5EEC00D83887 /* ofxFTGLFont.cpp */,
				2372BD291A9E5EEC00D83887 /* ofxFTGLFont.h */,
				2372BD2A1A9E5EEC00D83887 /* ofxFTGLSimpleLayout.cpp */,
				2372BD2B1A9E5EEC00D83887 /* ofxFTGLSimpleLayout.h */,
			);
			name = src;
			path = ../../../addons/ofxFTGL/src;
			sourceTree = "<group>";
		};
		2372BD2C1A9E5EEC00D83887 /* libs */ = {
			isa = PBXGroup;
			children = (
				2372BD2D1A9E5EEC00D83887 /* FTGL */,
			);
			name = libs;
			path = ../../../addons/ofxFTGL/libs;
			sourceTree = "<group>";
		};
		2372BD2D1A9E5EEC00D83887 /* FTGL */ = {
			isa = PBXGroup;
			children = (
				2372BD2E1A9E5EEC00D83887 /* include */,
				2372BD461A9E5EEC00D83887 /* lib */,
			);
			path = FTGL;
			sourceTree = "<group>";
		};
		2372BD2E1A9E5EEC00D83887 /* include */ = {
			isa = PBXGroup;
			children = (
				2372BD2F1A9E5EEC00D83887 /* FTGL */,
			);
			path = include;
			sourceTree = "<group>";
		};
		2372BD2F1A9E5EEC00D83887 /* FTGL */ = {
			isa = PBXGroup;
			children = (
				2372BD301A9E5EEC00D83887 /* FTBBox.h */,
				2372BD311A9E5EEC00D83887 /* FTBitmapGlyph.h */,
				2372BD321A9E5EEC00D83887 /* FTBuffer.h */,
				2372BD331A9E5EEC00D83887 /* FTBufferFont.h */,
				2372BD341A9E5EEC00D83887 /* FTBufferGlyph.h */,
				2372BD351A9E5EEC00D83887 /* FTExtrdGlyph.h */,
				2372BD361A9E5EEC00D83887 /* FTFont.h */,
				2372BD371A9E5EEC00D83887 /* ftgl.h */,
				2372BD381A9E5EEC00D83887 /* FTGLBitmapFont.h */,
				2372BD391A9E5EEC00D83887 /* FTGLExtrdFont.h */,
				2372BD3A1A9E5EEC00D83887 /* FTGLOutlineFont.h */,
				2372BD3B1A9E5EEC00D83887 /* FTGLPixmapFont.h */,
				2372BD3C1A9E5EEC00D83887 /* FTGLPolygonFont.h */,
				2372BD3D1A9E5EEC00D83887 /* FTGLTextureFont.h */,
				2372BD3E1A9E5EEC00D83887 /* FTGlyph.h */,
				2372BD3F1A9E5EEC00D83887 /* FTLayout.h */,
				2372BD401A9E5EEC00D83887 /* FTOutlineGlyph.h */,
				2372BD411A9E5EEC00D83887 /* FTPixmapGlyph.h */,
				2372BD421A9E5EEC00D83887 /* FTPoint.h */,
				2372BD431A9E5EEC00D83887 /* FTPolyGlyph.h */,
				2372BD441A9E5EEC00D83887 /* FTSimpleLayout.h */,
				2372BD451A9E5EEC00D83887 /* FTTextureGlyph.h */,
			);
			path = FTGL;
			sourceTree = "<group>";
		};
		2372BD461A9E5EEC00D83887 /* lib */ = {
			isa = PBXGroup;
			children = (
				2372BD4B1A9E5EEC00D83887 /* osx */,
			);
			path = lib;
			sourceTree = "<group>";
		};
		2372BD4B1A9E5EEC00D83887 /* osx */ = {
			isa = PBXGroup;
			children = (
				2372BD4C1A9E5EEC00D83887 /* buildFTGL.sh */,
				2372BD4D1A9E5EEC00D83887 /* libftgl.a */,
			);
			path = osx;
			sourceTree = "<group>";
		};
		BB4B014C10F69532006C3DED /* addons */ = {
			isa = PBXGroup;
			children = (
				234D95A81AA105CB00A758A1 /* ofxXmlSettings */,
				2372BD251A9E5EEC00D83887 /* ofxFTGL */,
			);
			name = addons;
			sourceTree = "<group>";
		};
		BBAB23C913894ECA00AA2426 /* system frameworks */ = {
			isa = PBXGroup;
			children = (
				E7F985F515E0DE99003869B5 /* Accelerate.framework */,
				E4C2424410CC5A17004149E2 /* AppKit.framework */,
				E4C2424510CC5A17004149E2 /* Cocoa.framework */,
				E4C2424610CC5A17004149E2 /* IOKit.framework */,
				E45BE9710E8CC7DD009D7055 /* AGL.framework */,
				E45BE9720E8CC7DD009D7055 /* ApplicationServices.framework */,
				E45BE9730E8CC7DD009D7055 /* AudioToolbox.framework */,
				E45BE9750E8CC7DD009D7055 /* CoreAudio.framework */,
				E45BE9760E8CC7DD009D7055 /* CoreFoundation.framework */,
				E45BE9770E8CC7DD009D7055 /* CoreServices.framework */,
				E45BE9790E8CC7DD009D7055 /* OpenGL.framework */,
				E45BE97A0E8CC7DD009D7055 /* QuickTime.framework */,
				E7E077E415D3B63C0020DFD4 /* CoreVideo.framework */,
				E7E077E715D3B6510020DFD4 /* QTKit.framework */,
			);
			name = "system frameworks";
			sourceTree = "<group>";
		};
		BBAB23CA13894EDB00AA2426 /* 3rd party frameworks */ = {
			isa = PBXGroup;
			children = (
				BBAB23BE13894E4700AA2426 /* GLUT.framework */,
			);
			name = "3rd party frameworks";
			sourceTree = "<group>";
		};
		E4328144138ABC890047C5CB /* Products */ = {
			isa = PBXGroup;
			children = (
				E4328148138ABC890047C5CB /* openFrameworksDebug.a */,
			);
			name = Products;
			sourceTree = "<group>";
		};
		E45BE5980E8CC70C009D7055 /* frameworks */ = {
			isa = PBXGroup;
			children = (
				BBAB23CA13894EDB00AA2426 /* 3rd party frameworks */,
				BBAB23C913894ECA00AA2426 /* system frameworks */,
			);
			name = frameworks;
			sourceTree = "<group>";
		};
		E4B69B4A0A3A1720003C02F2 = {
			isa = PBXGroup;
			children = (
				E4B6FCAD0C3E899E008CF71C /* openFrameworks-Info.plist */,
				E4EB6923138AFD0F00A09F29 /* Project.xcconfig */,
				E4B69E1C0A3A1BDC003C02F2 /* src */,
				E4EEC9E9138DF44700A80321 /* openFrameworks */,
				BB4B014C10F69532006C3DED /* addons */,
				E45BE5980E8CC70C009D7055 /* frameworks */,
				E4B69B5B0A3A1756003C02F2 /* GE_smoker-screen2Debug.app */,
			);
			sourceTree = "<group>";
		};
		E4B69E1C0A3A1BDC003C02F2 /* src */ = {
			isa = PBXGroup;
			children = (
				2351EFEF1A9D3B8500569E24 /* layouts */,
				2351EFED1A9D0CFE00569E24 /* uiComponents */,
				E4B69E1F0A3A1BDC003C02F2 /* ofApp.h */,
				E4B69E1E0A3A1BDC003C02F2 /* ofApp.cpp */,
				2372BD191A9D791600D83887 /* main.cpp */,
				2372BD101A9D44BC00D83887 /* DataReader.cpp */,
				2372BD111A9D44BC00D83887 /* DataReader.h */,
				2372BD161A9D71C400D83887 /* uiManager.cpp */,
				2372BD171A9D71C400D83887 /* uiManager.h */,
			);
			path = src;
			sourceTree = SOURCE_ROOT;
		};
		E4EEC9E9138DF44700A80321 /* openFrameworks */ = {
			isa = PBXGroup;
			children = (
				E4EB691F138AFCF100A09F29 /* CoreOF.xcconfig */,
				E4328143138ABC890047C5CB /* openFrameworksLib.xcodeproj */,
			);
			name = openFrameworks;
			sourceTree = "<group>";
		};
/* End PBXGroup section */

/* Begin PBXNativeTarget section */
		E4B69B5A0A3A1756003C02F2 /* GE_smoker-screen2 */ = {
			isa = PBXNativeTarget;
			buildConfigurationList = E4B69B5F0A3A1757003C02F2 /* Build configuration list for PBXNativeTarget "GE_smoker-screen2" */;
			buildPhases = (
				E4B69B580A3A1756003C02F2 /* Sources */,
				E4B69B590A3A1756003C02F2 /* Frameworks */,
				E4B6FFFD0C3F9AB9008CF71C /* ShellScript */,
				E4C2427710CC5ABF004149E2 /* CopyFiles */,
			);
			buildRules = (
			);
			dependencies = (
				E4EEB9AC138B136A00A80321 /* PBXTargetDependency */,
			);
			name = "GE_smoker-screen2";
			productName = myOFApp;
			productReference = E4B69B5B0A3A1756003C02F2 /* GE_smoker-screen2Debug.app */;
			productType = "com.apple.product-type.application";
		};
/* End PBXNativeTarget section */

/* Begin PBXProject section */
		E4B69B4C0A3A1720003C02F2 /* Project object */ = {
			isa = PBXProject;
			attributes = {
				LastUpgradeCheck = 0460;
			};
			buildConfigurationList = E4B69B4D0A3A1720003C02F2 /* Build configuration list for PBXProject "GE_smoker-screen2" */;
			compatibilityVersion = "Xcode 3.2";
			developmentRegion = English;
			hasScannedForEncodings = 0;
			knownRegions = (
				English,
				Japanese,
				French,
				German,
			);
			mainGroup = E4B69B4A0A3A1720003C02F2;
			productRefGroup = E4B69B4A0A3A1720003C02F2;
			projectDirPath = "";
			projectReferences = (
				{
					ProductGroup = E4328144138ABC890047C5CB /* Products */;
					ProjectRef = E4328143138ABC890047C5CB /* openFrameworksLib.xcodeproj */;
				},
			);
			projectRoot = "";
			targets = (
				E4B69B5A0A3A1756003C02F2 /* GE_smoker-screen2 */,
			);
		};
/* End PBXProject section */

/* Begin PBXReferenceProxy section */
		E4328148138ABC890047C5CB /* openFrameworksDebug.a */ = {
			isa = PBXReferenceProxy;
			fileType = archive.ar;
			path = openFrameworksDebug.a;
			remoteRef = E4328147138ABC890047C5CB /* PBXContainerItemProxy */;
			sourceTree = BUILT_PRODUCTS_DIR;
		};
/* End PBXReferenceProxy section */

/* Begin PBXShellScriptBuildPhase section */
		E4B6FFFD0C3F9AB9008CF71C /* ShellScript */ = {
			isa = PBXShellScriptBuildPhase;
			buildActionMask = 2147483647;
			files = (
			);
			inputPaths = (
			);
			outputPaths = (
			);
			runOnlyForDeploymentPostprocessing = 0;
			shellPath = /bin/sh;
			shellScript = "cp -f ../../../libs/fmodex/lib/osx/libfmodex.dylib \"$TARGET_BUILD_DIR/$PRODUCT_NAME.app/Contents/MacOS/libfmodex.dylib\"; install_name_tool -change ./libfmodex.dylib @executable_path/libfmodex.dylib \"$TARGET_BUILD_DIR/$PRODUCT_NAME.app/Contents/MacOS/$PRODUCT_NAME\";\nmkdir -p \"$TARGET_BUILD_DIR/$PRODUCT_NAME.app/Contents/Resources/\"\ncp -f \"$ICON_FILE\" \"$TARGET_BUILD_DIR/$PRODUCT_NAME.app/Contents/Resources/\"\n";
		};
/* End PBXShellScriptBuildPhase section */

/* Begin PBXSourcesBuildPhase section */
		E4B69B580A3A1756003C02F2 /* Sources */ = {
			isa = PBXSourcesBuildPhase;
			buildActionMask = 2147483647;
			files = (
				234D95B31AA105CB00A758A1 /* tinyxmlerror.cpp in Sources */,
				2372BD141A9D44BC00D83887 /* DataReader.cpp in Sources */,
				2372BD551A9E5EEC00D83887 /* ofxFTGLSimpleLayout.cpp in Sources */,
				2372BD151A9D44BC00D83887 /* SensorReading.cpp in Sources */,
				2372BD181A9D71C400D83887 /* uiManager.cpp in Sources */,
				234D95A41AA0312A00A758A1 /* Graph.cpp in Sources */,
				234D95B21AA105CB00A758A1 /* tinyxml.cpp in Sources */,
				2372BD541A9E5EEC00D83887 /* ofxFTGLFont.cpp in Sources */,
				234D95B41AA105CB00A758A1 /* tinyxmlparser.cpp in Sources */,
				234D95A71AA105A700A758A1 /* GraphLine.cpp in Sources */,
				2372BD1A1A9D791600D83887 /* main.cpp in Sources */,
				234D95B11AA105CB00A758A1 /* ofxXmlSettings.cpp in Sources */,
				E4B69E210A3A1BDC003C02F2 /* ofApp.cpp in Sources */,
			);
			runOnlyForDeploymentPostprocessing = 0;
		};
/* End PBXSourcesBuildPhase section */

/* Begin PBXTargetDependency section */
		E4EEB9AC138B136A00A80321 /* PBXTargetDependency */ = {
			isa = PBXTargetDependency;
			name = openFrameworks;
			targetProxy = E4EEB9AB138B136A00A80321 /* PBXContainerItemProxy */;
		};
/* End PBXTargetDependency section */

/* Begin XCBuildConfiguration section */
		E4B69B4E0A3A1720003C02F2 /* Debug */ = {
			isa = XCBuildConfiguration;
			baseConfigurationReference = E4EB6923138AFD0F00A09F29 /* Project.xcconfig */;
			buildSettings = {
				ARCHS = "$(NATIVE_ARCH)";
				CONFIGURATION_BUILD_DIR = "$(SRCROOT)/bin/";
				COPY_PHASE_STRIP = NO;
				DEAD_CODE_STRIPPING = YES;
				GCC_AUTO_VECTORIZATION = YES;
				GCC_ENABLE_SSE3_EXTENSIONS = YES;
				GCC_ENABLE_SUPPLEMENTAL_SSE3_INSTRUCTIONS = YES;
				GCC_INLINES_ARE_PRIVATE_EXTERN = NO;
				GCC_OPTIMIZATION_LEVEL = 0;
				GCC_SYMBOLS_PRIVATE_EXTERN = NO;
				GCC_WARN_ABOUT_DEPRECATED_FUNCTIONS = YES;
				GCC_WARN_ABOUT_INVALID_OFFSETOF_MACRO = NO;
				GCC_WARN_ALLOW_INCOMPLETE_PROTOCOL = NO;
				GCC_WARN_UNINITIALIZED_AUTOS = NO;
				GCC_WARN_UNUSED_VALUE = NO;
				GCC_WARN_UNUSED_VARIABLE = NO;
				HEADER_SEARCH_PATHS = (
					"$(OF_CORE_HEADERS)",
					src,
				);
				MACOSX_DEPLOYMENT_TARGET = 10.6;
				OTHER_CPLUSPLUSFLAGS = (
					"-D__MACOSX_CORE__",
					"-lpthread",
					"-mtune=native",
				);
				SDKROOT = macosx;
			};
			name = Debug;
		};
		E4B69B4F0A3A1720003C02F2 /* Release */ = {
			isa = XCBuildConfiguration;
			baseConfigurationReference = E4EB6923138AFD0F00A09F29 /* Project.xcconfig */;
			buildSettings = {
				ARCHS = "$(NATIVE_ARCH)";
				CONFIGURATION_BUILD_DIR = "$(SRCROOT)/bin/";
				COPY_PHASE_STRIP = YES;
				DEAD_CODE_STRIPPING = YES;
				GCC_AUTO_VECTORIZATION = YES;
				GCC_ENABLE_SSE3_EXTENSIONS = YES;
				GCC_ENABLE_SUPPLEMENTAL_SSE3_INSTRUCTIONS = YES;
				GCC_INLINES_ARE_PRIVATE_EXTERN = NO;
				GCC_OPTIMIZATION_LEVEL = 3;
				GCC_SYMBOLS_PRIVATE_EXTERN = NO;
				GCC_UNROLL_LOOPS = YES;
				GCC_WARN_ABOUT_DEPRECATED_FUNCTIONS = YES;
				GCC_WARN_ABOUT_INVALID_OFFSETOF_MACRO = NO;
				GCC_WARN_ALLOW_INCOMPLETE_PROTOCOL = NO;
				GCC_WARN_UNINITIALIZED_AUTOS = NO;
				GCC_WARN_UNUSED_VALUE = NO;
				GCC_WARN_UNUSED_VARIABLE = NO;
				HEADER_SEARCH_PATHS = (
					"$(OF_CORE_HEADERS)",
					src,
				);
				MACOSX_DEPLOYMENT_TARGET = 10.6;
				OTHER_CPLUSPLUSFLAGS = (
					"-D__MACOSX_CORE__",
					"-lpthread",
					"-mtune=native",
				);
				SDKROOT = macosx;
			};
			name = Release;
		};
		E4B69B600A3A1757003C02F2 /* Debug */ = {
			isa = XCBuildConfiguration;
			buildSettings = {
				COMBINE_HIDPI_IMAGES = YES;
				COPY_PHASE_STRIP = NO;
				FRAMEWORK_SEARCH_PATHS = (
					"$(inherited)",
					"$(FRAMEWORK_SEARCH_PATHS_QUOTED_FOR_TARGET_1)",
				);
				FRAMEWORK_SEARCH_PATHS_QUOTED_FOR_TARGET_1 = "\"$(SRCROOT)/../../../libs/glut/lib/osx\"";
				GCC_DYNAMIC_NO_PIC = NO;
				GCC_GENERATE_DEBUGGING_SYMBOLS = YES;
				GCC_MODEL_TUNING = NONE;
				ICON = "$(ICON_NAME_DEBUG)";
				ICON_FILE = "$(ICON_FILE_PATH)$(ICON)";
				INFOPLIST_FILE = "openFrameworks-Info.plist";
				INSTALL_PATH = "$(HOME)/Applications";
				LIBRARY_SEARCH_PATHS = (
					"$(inherited)",
					"$(LIBRARY_SEARCH_PATHS_QUOTED_FOR_TARGET_1)",
					"$(LIBRARY_SEARCH_PATHS_QUOTED_FOR_TARGET_2)",
					"$(LIBRARY_SEARCH_PATHS_QUOTED_FOR_TARGET_3)",
					"$(LIBRARY_SEARCH_PATHS_QUOTED_FOR_TARGET_4)",
					"$(LIBRARY_SEARCH_PATHS_QUOTED_FOR_TARGET_5)",
					"$(LIBRARY_SEARCH_PATHS_QUOTED_FOR_TARGET_6)",
					"$(LIBRARY_SEARCH_PATHS_QUOTED_FOR_TARGET_7)",
					"$(LIBRARY_SEARCH_PATHS_QUOTED_FOR_TARGET_8)",
					"$(LIBRARY_SEARCH_PATHS_QUOTED_FOR_TARGET_9)",
					"$(LIBRARY_SEARCH_PATHS_QUOTED_FOR_TARGET_10)",
					"$(LIBRARY_SEARCH_PATHS_QUOTED_FOR_TARGET_11)",
					"$(LIBRARY_SEARCH_PATHS_QUOTED_FOR_TARGET_12)",
					"$(LIBRARY_SEARCH_PATHS_QUOTED_FOR_TARGET_13)",
					"$(LIBRARY_SEARCH_PATHS_QUOTED_FOR_TARGET_14)",
					"$(LIBRARY_SEARCH_PATHS_QUOTED_FOR_TARGET_15)",
					"$(LIBRARY_SEARCH_PATHS_QUOTED_FOR_TARGET_2)",
					"$(LIBRARY_SEARCH_PATHS_QUOTED_FOR_TARGET_3)",
					"$(LIBRARY_SEARCH_PATHS_QUOTED_FOR_TARGET_7)",
					"$(LIBRARY_SEARCH_PATHS_QUOTED_FOR_TARGET_8)",
					"$(LIBRARY_SEARCH_PATHS_QUOTED_FOR_TARGET_9)",
					"$(LIBRARY_SEARCH_PATHS_QUOTED_FOR_TARGET_10)",
					"$(LIBRARY_SEARCH_PATHS_QUOTED_FOR_TARGET_11)",
					"$(LIBRARY_SEARCH_PATHS_QUOTED_FOR_TARGET_12)",
					"$(LIBRARY_SEARCH_PATHS_QUOTED_FOR_TARGET_13)",
					"$(LIBRARY_SEARCH_PATHS_QUOTED_FOR_TARGET_16)",
					"$(LIBRARY_SEARCH_PATHS_QUOTED_FOR_TARGET_17)",
					"$(LIBRARY_SEARCH_PATHS_QUOTED_FOR_TARGET_18)",
					"$(LIBRARY_SEARCH_PATHS_QUOTED_FOR_TARGET_19)",
					"$(LIBRARY_SEARCH_PATHS_QUOTED_FOR_TARGET_20)",
					"$(LIBRARY_SEARCH_PATHS_QUOTED_FOR_TARGET_21)",
					"$(LIBRARY_SEARCH_PATHS_QUOTED_FOR_TARGET_22)",
					"$(LIBRARY_SEARCH_PATHS_QUOTED_FOR_TARGET_23)",
					"$(LIBRARY_SEARCH_PATHS_QUOTED_FOR_TARGET_24)",
					"$(LIBRARY_SEARCH_PATHS_QUOTED_FOR_TARGET_25)",
					"$(LIBRARY_SEARCH_PATHS_QUOTED_FOR_TARGET_26)",
					"$(LIBRARY_SEARCH_PATHS_QUOTED_FOR_TARGET_27)",
					"$(LIBRARY_SEARCH_PATHS_QUOTED_FOR_TARGET_28)",
					"$(LIBRARY_SEARCH_PATHS_QUOTED_FOR_TARGET_29)",
					"$(LIBRARY_SEARCH_PATHS_QUOTED_FOR_TARGET_30)",
					"$(LIBRARY_SEARCH_PATHS_QUOTED_FOR_TARGET_31)",
					"$(LIBRARY_SEARCH_PATHS_QUOTED_FOR_TARGET_32)",
					"$(LIBRARY_SEARCH_PATHS_QUOTED_FOR_TARGET_33)",
					"$(LIBRARY_SEARCH_PATHS_QUOTED_FOR_TARGET_34)",
					"$(LIBRARY_SEARCH_PATHS_QUOTED_FOR_TARGET_35)",
					"$(LIBRARY_SEARCH_PATHS_QUOTED_FOR_TARGET_36)",
					"$(LIBRARY_SEARCH_PATHS_QUOTED_FOR_TARGET_37)",
					"$(LIBRARY_SEARCH_PATHS_QUOTED_FOR_TARGET_38)",
					"$(LIBRARY_SEARCH_PATHS_QUOTED_FOR_TARGET_39)",
					"$(LIBRARY_SEARCH_PATHS_QUOTED_FOR_TARGET_40)",
					"$(LIBRARY_SEARCH_PATHS_QUOTED_FOR_TARGET_41)",
					"$(LIBRARY_SEARCH_PATHS_QUOTED_FOR_TARGET_42)",
					"$(LIBRARY_SEARCH_PATHS_QUOTED_FOR_TARGET_43)",
					"$(LIBRARY_SEARCH_PATHS_QUOTED_FOR_TARGET_44)",
					"$(LIBRARY_SEARCH_PATHS_QUOTED_FOR_TARGET_45)",
					"$(LIBRARY_SEARCH_PATHS_QUOTED_FOR_TARGET_46)",
					"$(LIBRARY_SEARCH_PATHS_QUOTED_FOR_TARGET_47)",
					"$(LIBRARY_SEARCH_PATHS_QUOTED_FOR_TARGET_48)",
					"$(LIBRARY_SEARCH_PATHS_QUOTED_FOR_TARGET_49)",
					"$(LIBRARY_SEARCH_PATHS_QUOTED_FOR_TARGET_50)",
					"$(LIBRARY_SEARCH_PATHS_QUOTED_FOR_TARGET_51)",
					"$(LIBRARY_SEARCH_PATHS_QUOTED_FOR_TARGET_52)",
					/Volumes/HDD/OpenFrameworks/of_v0.8.4_osx_release/addons/ofxFTGL/libs/FTGL/lib/osx,
				);
				PRODUCT_NAME = "GE_smoker-screen2Debug";
				USER_HEADER_SEARCH_PATHS = ../../../addons/ofxFTGL/libs/FTGL/include/;
				WRAPPER_EXTENSION = app;
			};
			name = Debug;
		};
		E4B69B610A3A1757003C02F2 /* Release */ = {
			isa = XCBuildConfiguration;
			buildSettings = {
				COMBINE_HIDPI_IMAGES = YES;
				COPY_PHASE_STRIP = YES;
				FRAMEWORK_SEARCH_PATHS = (
					"$(inherited)",
					"$(FRAMEWORK_SEARCH_PATHS_QUOTED_FOR_TARGET_1)",
				);
				FRAMEWORK_SEARCH_PATHS_QUOTED_FOR_TARGET_1 = "\"$(SRCROOT)/../../../libs/glut/lib/osx\"";
				GCC_GENERATE_DEBUGGING_SYMBOLS = YES;
				GCC_MODEL_TUNING = NONE;
				ICON = "$(ICON_NAME_RELEASE)";
				ICON_FILE = "$(ICON_FILE_PATH)$(ICON)";
				INFOPLIST_FILE = "openFrameworks-Info.plist";
				INSTALL_PATH = "$(HOME)/Applications";
				LIBRARY_SEARCH_PATHS = (
					"$(inherited)",
					"$(LIBRARY_SEARCH_PATHS_QUOTED_FOR_TARGET_1)",
					"$(LIBRARY_SEARCH_PATHS_QUOTED_FOR_TARGET_2)",
					"$(LIBRARY_SEARCH_PATHS_QUOTED_FOR_TARGET_3)",
					"$(LIBRARY_SEARCH_PATHS_QUOTED_FOR_TARGET_4)",
					"$(LIBRARY_SEARCH_PATHS_QUOTED_FOR_TARGET_5)",
					"$(LIBRARY_SEARCH_PATHS_QUOTED_FOR_TARGET_6)",
					"$(LIBRARY_SEARCH_PATHS_QUOTED_FOR_TARGET_7)",
					"$(LIBRARY_SEARCH_PATHS_QUOTED_FOR_TARGET_8)",
					"$(LIBRARY_SEARCH_PATHS_QUOTED_FOR_TARGET_9)",
					"$(LIBRARY_SEARCH_PATHS_QUOTED_FOR_TARGET_10)",
					"$(LIBRARY_SEARCH_PATHS_QUOTED_FOR_TARGET_11)",
					"$(LIBRARY_SEARCH_PATHS_QUOTED_FOR_TARGET_12)",
					"$(LIBRARY_SEARCH_PATHS_QUOTED_FOR_TARGET_13)",
					"$(LIBRARY_SEARCH_PATHS_QUOTED_FOR_TARGET_14)",
					"$(LIBRARY_SEARCH_PATHS_QUOTED_FOR_TARGET_15)",
					"$(LIBRARY_SEARCH_PATHS_QUOTED_FOR_TARGET_2)",
					"$(LIBRARY_SEARCH_PATHS_QUOTED_1)",
					"$(LIBRARY_SEARCH_PATHS_QUOTED_FOR_TARGET_3)",
					"$(LIBRARY_SEARCH_PATHS_QUOTED_FOR_TARGET_7)",
					"$(LIBRARY_SEARCH_PATHS_QUOTED_FOR_TARGET_8)",
					"$(LIBRARY_SEARCH_PATHS_QUOTED_FOR_TARGET_9)",
					"$(LIBRARY_SEARCH_PATHS_QUOTED_FOR_TARGET_10)",
					"$(LIBRARY_SEARCH_PATHS_QUOTED_FOR_TARGET_11)",
					"$(LIBRARY_SEARCH_PATHS_QUOTED_FOR_TARGET_12)",
					"$(LIBRARY_SEARCH_PATHS_QUOTED_FOR_TARGET_13)",
					"$(LIBRARY_SEARCH_PATHS_QUOTED_FOR_TARGET_16)",
					"$(LIBRARY_SEARCH_PATHS_QUOTED_FOR_TARGET_17)",
					"$(LIBRARY_SEARCH_PATHS_QUOTED_FOR_TARGET_18)",
					"$(LIBRARY_SEARCH_PATHS_QUOTED_FOR_TARGET_19)",
					"$(LIBRARY_SEARCH_PATHS_QUOTED_FOR_TARGET_20)",
					"$(LIBRARY_SEARCH_PATHS_QUOTED_FOR_TARGET_21)",
					"$(LIBRARY_SEARCH_PATHS_QUOTED_FOR_TARGET_22)",
					"$(LIBRARY_SEARCH_PATHS_QUOTED_FOR_TARGET_23)",
					"$(LIBRARY_SEARCH_PATHS_QUOTED_FOR_TARGET_24)",
					"$(LIBRARY_SEARCH_PATHS_QUOTED_FOR_TARGET_25)",
					"$(LIBRARY_SEARCH_PATHS_QUOTED_FOR_TARGET_26)",
					"$(LIBRARY_SEARCH_PATHS_QUOTED_FOR_TARGET_27)",
					"$(LIBRARY_SEARCH_PATHS_QUOTED_FOR_TARGET_28)",
					"$(LIBRARY_SEARCH_PATHS_QUOTED_FOR_TARGET_29)",
					"$(LIBRARY_SEARCH_PATHS_QUOTED_FOR_TARGET_30)",
					"$(LIBRARY_SEARCH_PATHS_QUOTED_FOR_TARGET_31)",
					"$(LIBRARY_SEARCH_PATHS_QUOTED_FOR_TARGET_32)",
					"$(LIBRARY_SEARCH_PATHS_QUOTED_FOR_TARGET_33)",
					"$(LIBRARY_SEARCH_PATHS_QUOTED_FOR_TARGET_34)",
					"$(LIBRARY_SEARCH_PATHS_QUOTED_FOR_TARGET_35)",
					"$(LIBRARY_SEARCH_PATHS_QUOTED_FOR_TARGET_36)",
					"$(LIBRARY_SEARCH_PATHS_QUOTED_FOR_TARGET_37)",
					"$(LIBRARY_SEARCH_PATHS_QUOTED_FOR_TARGET_38)",
					"$(LIBRARY_SEARCH_PATHS_QUOTED_FOR_TARGET_39)",
					"$(LIBRARY_SEARCH_PATHS_QUOTED_FOR_TARGET_40)",
					"$(LIBRARY_SEARCH_PATHS_QUOTED_FOR_TARGET_41)",
					"$(LIBRARY_SEARCH_PATHS_QUOTED_FOR_TARGET_42)",
					"$(LIBRARY_SEARCH_PATHS_QUOTED_FOR_TARGET_43)",
					"$(LIBRARY_SEARCH_PATHS_QUOTED_FOR_TARGET_44)",
					"$(LIBRARY_SEARCH_PATHS_QUOTED_FOR_TARGET_45)",
					"$(LIBRARY_SEARCH_PATHS_QUOTED_FOR_TARGET_46)",
					"$(LIBRARY_SEARCH_PATHS_QUOTED_FOR_TARGET_47)",
					"$(LIBRARY_SEARCH_PATHS_QUOTED_FOR_TARGET_48)",
					"$(LIBRARY_SEARCH_PATHS_QUOTED_FOR_TARGET_49)",
					"$(LIBRARY_SEARCH_PATHS_QUOTED_FOR_TARGET_50)",
					"$(LIBRARY_SEARCH_PATHS_QUOTED_FOR_TARGET_51)",
					/Volumes/HDD/OpenFrameworks/of_v0.8.4_osx_release/addons/ofxFTGL/libs/FTGL/lib/osx,
				);
				PRODUCT_NAME = "GE_smoker-screen2";
				USER_HEADER_SEARCH_PATHS = ../../../addons/ofxFTGL/libs/FTGL/include/;
				WRAPPER_EXTENSION = app;
			};
			name = Release;
		};
/* End XCBuildConfiguration section */

/* Begin XCConfigurationList section */
		E4B69B4D0A3A1720003C02F2 /* Build configuration list for PBXProject "GE_smoker-screen2" */ = {
			isa = XCConfigurationList;
			buildConfigurations = (
				E4B69B4E0A3A1720003C02F2 /* Debug */,
				E4B69B4F0A3A1720003C02F2 /* Release */,
			);
			defaultConfigurationIsVisible = 0;
			defaultConfigurationName = Release;
		};
		E4B69B5F0A3A1757003C02F2 /* Build configuration list for PBXNativeTarget "GE_smoker-screen2" */ = {
			isa = XCConfigurationList;
			buildConfigurations = (
				E4B69B600A3A1757003C02F2 /* Debug */,
				E4B69B610A3A1757003C02F2 /* Release */,
			);
			defaultConfigurationIsVisible = 0;
			defaultConfigurationName = Release;
		};
/* End XCConfigurationList section */
	};
	rootObject = E4B69B4C0A3A1720003C02F2 /* Project object */;
}
